
Microsoft Visual Studio Solution File, Format Version 12.00
# Visual Studio 2015
Project("{FAE04EC0-301F-11D3-BF4B-00C04F79EFBC}") = "xlua-framework", "xlua-framework.csproj", "{357A0A50-947D-58F0-FC0E-4288FF656501}"
EndProject
Project("{FAE04EC0-301F-11D3-BF4B-00C04F79EFBC}") = "xlua-framework.Editor", "xlua-framework.Editor.csproj", "{F16C9860-7E92-1346-3EF1-3D91E10EA2BB}"
EndProject
Global
	GlobalSection(SolutionConfigurationPlatforms) = preSolution
		Debug|Any CPU = Debug|Any CPU
		Release|Any CPU = Release|Any CPU
	EndGlobalSection
	GlobalSection(ProjectConfigurationPlatforms) = postSolution
		{357A0A50-947D-58F0-FC0E-4288FF656501}.Debug|Any CPU.ActiveCfg = Debug|Any CPU
		{357A0A50-947D-58F0-FC0E-4288FF656501}.Debug|Any CPU.Build.0 = Debug|Any CPU
		{357A0A50-947D-58F0-FC0E-4288FF656501}.Release|Any CPU.ActiveCfg = Release|Any CPU
		{357A0A50-947D-58F0-FC0E-4288FF656501}.Release|Any CPU.Build.0 = Release|Any CPU
		{F16C9860-7E92-1346-3EF1-3D91E10EA2BB}.Debug|Any CPU.ActiveCfg = Debug|Any CPU
		{F16C9860-7E92-1346-3EF1-3D91E10EA2BB}.Debug|Any CPU.Build.0 = Debug|Any CPU
		{F16C9860-7E92-1346-3EF1-3D91E10EA2BB}.Release|Any CPU.ActiveCfg = Release|Any CPU
		{F16C9860-7E92-1346-3EF1-3D91E10EA2BB}.Release|Any CPU.Build.0 = Release|Any CPU
	EndGlobalSection
	GlobalSection(SolutionProperties) = preSolution
		HideSolutionNode = FALSE
	EndGlobalSection
EndGlobal
